// !$*UTF8*$!
{
	archiveVersion = 1;
	classes = {
	};
	objectVersion = 46;
	objects = {

/* Begin PBXBuildFile section */
		B2E7AB8C1A2127110074B59B /* main.m in Sources */ = {isa = PBXBuildFile; fileRef = B2E7AB8B1A2127110074B59B /* main.m */; };
		B2E7AB8F1A2127110074B59B /* AppDelegate.m in Sources */ = {isa = PBXBuildFile; fileRef = B2E7AB8E1A2127110074B59B /* AppDelegate.m */; };
		B2E7AB971A2127110074B59B /* Images.xcassets in Resources */ = {isa = PBXBuildFile; fileRef = B2E7AB961A2127110074B59B /* Images.xcassets */; };
		B2E7ABE81A2138360074B59B /* ViewControllerA.m in Sources */ = {isa = PBXBuildFile; fileRef = B2E7ABB51A2138360074B59B /* ViewControllerA.m */; };
		B2E7ABE91A2138360074B59B /* ViewControllerB.m in Sources */ = {isa = PBXBuildFile; fileRef = B2E7ABB71A2138360074B59B /* ViewControllerB.m */; };
		B2E7ABEA1A2138360074B59B /* ViewControllerC.m in Sources */ = {isa = PBXBuildFile; fileRef = B2E7ABB91A2138360074B59B /* ViewControllerC.m */; };
		B2E7ABEB1A2138360074B59B /* ViewControllerD.m in Sources */ = {isa = PBXBuildFile; fileRef = B2E7ABBB1A2138360074B59B /* ViewControllerD.m */; };
		B2E7ABEC1A2138360074B59B /* ViewControllerE.m in Sources */ = {isa = PBXBuildFile; fileRef = B2E7ABBD1A2138360074B59B /* ViewControllerE.m */; };
		B2E7ABED1A2138360074B59B /* ViewControllerF.m in Sources */ = {isa = PBXBuildFile; fileRef = B2E7ABBF1A2138360074B59B /* ViewControllerF.m */; };
		B2E7ABEE1A2138360074B59B /* ViewControllerG.m in Sources */ = {isa = PBXBuildFile; fileRef = B2E7ABC11A2138360074B59B /* ViewControllerG.m */; };
		B2E7ABEF1A2138360074B59B /* ViewControllerH.m in Sources */ = {isa = PBXBuildFile; fileRef = B2E7ABC31A2138360074B59B /* ViewControllerH.m */; };
		B2E7ABF01A2138360074B59B /* ViewControllerI.m in Sources */ = {isa = PBXBuildFile; fileRef = B2E7ABC51A2138360074B59B /* ViewControllerI.m */; };
		B2E7ABF11A2138360074B59B /* ViewControllerJ.m in Sources */ = {isa = PBXBuildFile; fileRef = B2E7ABC71A2138360074B59B /* ViewControllerJ.m */; };
		B2E7ABF21A2138360074B59B /* ViewControllerK.m in Sources */ = {isa = PBXBuildFile; fileRef = B2E7ABC91A2138360074B59B /* ViewControllerK.m */; };
		B2E7ABF31A2138360074B59B /* ViewControllerL.m in Sources */ = {isa = PBXBuildFile; fileRef = B2E7ABCB1A2138360074B59B /* ViewControllerL.m */; };
		B2E7ABF41A2138360074B59B /* ViewControllerM.m in Sources */ = {isa = PBXBuildFile; fileRef = B2E7ABCD1A2138360074B59B /* ViewControllerM.m */; };
		B2E7ABF51A2138360074B59B /* ViewControllerN.m in Sources */ = {isa = PBXBuildFile; fileRef = B2E7ABCF1A2138360074B59B /* ViewControllerN.m */; };
		B2E7ABF61A2138360074B59B /* ViewControllerO.m in Sources */ = {isa = PBXBuildFile; fileRef = B2E7ABD11A2138360074B59B /* ViewControllerO.m */; };
		B2E7ABF71A2138360074B59B /* ViewControllerP.m in Sources */ = {isa = PBXBuildFile; fileRef = B2E7ABD31A2138360074B59B /* ViewControllerP.m */; };
		B2E7ABF81A2138360074B59B /* ViewControllerQ.m in Sources */ = {isa = PBXBuildFile; fileRef = B2E7ABD51A2138360074B59B /* ViewControllerQ.m */; };
		B2E7ABF91A2138360074B59B /* ViewControllerR.m in Sources */ = {isa = PBXBuildFile; fileRef = B2E7ABD71A2138360074B59B /* ViewControllerR.m */; };
		B2E7ABFA1A2138360074B59B /* ViewControllerS.m in Sources */ = {isa = PBXBuildFile; fileRef = B2E7ABD91A2138360074B59B /* ViewControllerS.m */; };
		B2E7ABFB1A2138360074B59B /* ViewControllerT.m in Sources */ = {isa = PBXBuildFile; fileRef = B2E7ABDB1A2138360074B59B /* ViewControllerT.m */; };
		B2E7ABFC1A2138360074B59B /* ViewControllerU.m in Sources */ = {isa = PBXBuildFile; fileRef = B2E7ABDD1A2138360074B59B /* ViewControllerU.m */; };
		B2E7ABFD1A2138360074B59B /* ViewControllerV.m in Sources */ = {isa = PBXBuildFile; fileRef = B2E7ABDF1A2138360074B59B /* ViewControllerV.m */; };
		B2E7ABFE1A2138360074B59B /* ViewControllerW.m in Sources */ = {isa = PBXBuildFile; fileRef = B2E7ABE11A2138360074B59B /* ViewControllerW.m */; };
		B2E7ABFF1A2138360074B59B /* ViewControllerX.m in Sources */ = {isa = PBXBuildFile; fileRef = B2E7ABE31A2138360074B59B /* ViewControllerX.m */; };
		B2E7AC001A2138360074B59B /* ViewControllerY.m in Sources */ = {isa = PBXBuildFile; fileRef = B2E7ABE51A2138360074B59B /* ViewControllerY.m */; };
		B2E7AC011A2138360074B59B /* ViewControllerZ.m in Sources */ = {isa = PBXBuildFile; fileRef = B2E7ABE71A2138360074B59B /* ViewControllerZ.m */; };
		B2E7AC5A1A2148760074B59B /* main.m in Sources */ = {isa = PBXBuildFile; fileRef = B2E7AC591A2148760074B59B /* main.m */; };
		B2E7AC5D1A2148760074B59B /* AppDelegate.m in Sources */ = {isa = PBXBuildFile; fileRef = B2E7AC5C1A2148760074B59B /* AppDelegate.m */; };
		B2E7AC651A2148760074B59B /* Images.xcassets in Resources */ = {isa = PBXBuildFile; fileRef = B2E7AC641A2148760074B59B /* Images.xcassets */; };
		B2E7AC681A2148760074B59B /* LaunchScreen.xib in Resources */ = {isa = PBXBuildFile; fileRef = B2E7AC661A2148760074B59B /* LaunchScreen.xib */; };
		B2E7AC7B1A214A130074B59B /* ViewControllerPlainA.m in Sources */ = {isa = PBXBuildFile; fileRef = B2E7AC041A21471C0074B59B /* ViewControllerPlainA.m */; };
		B2E7AC7C1A214A130074B59B /* ViewControllerPlainB.m in Sources */ = {isa = PBXBuildFile; fileRef = B2E7AC061A21471C0074B59B /* ViewControllerPlainB.m */; };
		B2E7AC7D1A214A130074B59B /* ViewControllerPlainC.m in Sources */ = {isa = PBXBuildFile; fileRef = B2E7AC081A21471C0074B59B /* ViewControllerPlainC.m */; };
		B2E7AC7E1A214A130074B59B /* ViewControllerPlainD.m in Sources */ = {isa = PBXBuildFile; fileRef = B2E7AC0A1A21471C0074B59B /* ViewControllerPlainD.m */; };
		B2E7AC7F1A214A130074B59B /* ViewControllerPlainE.m in Sources */ = {isa = PBXBuildFile; fileRef = B2E7AC0C1A21471C0074B59B /* ViewControllerPlainE.m */; };
		B2E7AC801A214A130074B59B /* ViewControllerPlainF.m in Sources */ = {isa = PBXBuildFile; fileRef = B2E7AC0E1A21471C0074B59B /* ViewControllerPlainF.m */; };
		B2E7AC811A214A130074B59B /* ViewControllerPlainG.m in Sources */ = {isa = PBXBuildFile; fileRef = B2E7AC101A21471C0074B59B /* ViewControllerPlainG.m */; };
		B2E7AC821A214A130074B59B /* ViewControllerPlainH.m in Sources */ = {isa = PBXBuildFile; fileRef = B2E7AC121A21471C0074B59B /* ViewControllerPlainH.m */; };
		B2E7AC831A214A130074B59B /* ViewControllerPlainI.m in Sources */ = {isa = PBXBuildFile; fileRef = B2E7AC141A21471C0074B59B /* ViewControllerPlainI.m */; };
		B2E7AC841A214A130074B59B /* ViewControllerPlainJ.m in Sources */ = {isa = PBXBuildFile; fileRef = B2E7AC161A21471C0074B59B /* ViewControllerPlainJ.m */; };
		B2E7AC851A214A130074B59B /* ViewControllerPlainK.m in Sources */ = {isa = PBXBuildFile; fileRef = B2E7AC181A21471C0074B59B /* ViewControllerPlainK.m */; };
		B2E7AC861A214A130074B59B /* ViewControllerPlainL.m in Sources */ = {isa = PBXBuildFile; fileRef = B2E7AC1A1A21471C0074B59B /* ViewControllerPlainL.m */; };
		B2E7AC871A214A130074B59B /* ViewControllerPlainM.m in Sources */ = {isa = PBXBuildFile; fileRef = B2E7AC1C1A21471C0074B59B /* ViewControllerPlainM.m */; };
		B2E7AC881A214A130074B59B /* ViewControllerPlainN.m in Sources */ = {isa = PBXBuildFile; fileRef = B2E7AC1E1A21471C0074B59B /* ViewControllerPlainN.m */; };
		B2E7AC891A214A130074B59B /* ViewControllerPlainO.m in Sources */ = {isa = PBXBuildFile; fileRef = B2E7AC201A21471C0074B59B /* ViewControllerPlainO.m */; };
		B2E7AC8A1A214A130074B59B /* ViewControllerPlainP.m in Sources */ = {isa = PBXBuildFile; fileRef = B2E7AC221A21471C0074B59B /* ViewControllerPlainP.m */; };
		B2E7AC8B1A214A130074B59B /* ViewControllerPlainQ.m in Sources */ = {isa = PBXBuildFile; fileRef = B2E7AC241A21471C0074B59B /* ViewControllerPlainQ.m */; };
		B2E7AC8C1A214A130074B59B /* ViewControllerPlainR.m in Sources */ = {isa = PBXBuildFile; fileRef = B2E7AC261A21471C0074B59B /* ViewControllerPlainR.m */; };
		B2E7AC8D1A214A130074B59B /* ViewControllerPlainS.m in Sources */ = {isa = PBXBuildFile; fileRef = B2E7AC281A21471C0074B59B /* ViewControllerPlainS.m */; };
		B2E7AC8E1A214A130074B59B /* ViewControllerPlainT.m in Sources */ = {isa = PBXBuildFile; fileRef = B2E7AC2A1A21471C0074B59B /* ViewControllerPlainT.m */; };
		B2E7AC8F1A214A130074B59B /* ViewControllerPlainU.m in Sources */ = {isa = PBXBuildFile; fileRef = B2E7AC2C1A21471C0074B59B /* ViewControllerPlainU.m */; };
		B2E7AC901A214A130074B59B /* ViewControllerPlainV.m in Sources */ = {isa = PBXBuildFile; fileRef = B2E7AC2E1A21471C0074B59B /* ViewControllerPlainV.m */; };
		B2E7AC911A214A130074B59B /* ViewControllerPlainW.m in Sources */ = {isa = PBXBuildFile; fileRef = B2E7AC301A21471C0074B59B /* ViewControllerPlainW.m */; };
		B2E7AC921A214A130074B59B /* ViewControllerPlainX.m in Sources */ = {isa = PBXBuildFile; fileRef = B2E7AC321A21471C0074B59B /* ViewControllerPlainX.m */; };
		B2E7AC931A214A130074B59B /* ViewControllerPlainY.m in Sources */ = {isa = PBXBuildFile; fileRef = B2E7AC341A21471C0074B59B /* ViewControllerPlainY.m */; };
		B2E7AC941A214A130074B59B /* ViewControllerPlainZ.m in Sources */ = {isa = PBXBuildFile; fileRef = B2E7AC361A21471C0074B59B /* ViewControllerPlainZ.m */; };
		B2E7AC971A214C040074B59B /* Main.storyboard in Resources */ = {isa = PBXBuildFile; fileRef = B2E7AB931A2127110074B59B /* Main.storyboard */; };
		B2E7AC981A214C040074B59B /* LaunchScreen.xib in Resources */ = {isa = PBXBuildFile; fileRef = B2E7AB981A2127110074B59B /* LaunchScreen.xib */; };
/* End PBXBuildFile section */

/* Begin PBXFileReference section */
		B2E7AB861A2127100074B59B /* benchboard.app */ = {isa = PBXFileReference; explicitFileType = wrapper.application; includeInIndex = 0; path = benchboard.app; sourceTree = BUILT_PRODUCTS_DIR; };
		B2E7AB8A1A2127110074B59B /* Info.plist */ = {isa = PBXFileReference; lastKnownFileType = text.plist.xml; path = Info.plist; sourceTree = "<group>"; };
		B2E7AB8B1A2127110074B59B /* main.m */ = {isa = PBXFileReference; lastKnownFileType = sourcecode.c.objc; path = main.m; sourceTree = "<group>"; };
		B2E7AB8D1A2127110074B59B /* AppDelegate.h */ = {isa = PBXFileReference; lastKnownFileType = sourcecode.c.h; path = AppDelegate.h; sourceTree = "<group>"; };
		B2E7AB8E1A2127110074B59B /* AppDelegate.m */ = {isa = PBXFileReference; lastKnownFileType = sourcecode.c.objc; path = AppDelegate.m; sourceTree = "<group>"; };
		B2E7AB941A2127110074B59B /* Base */ = {isa = PBXFileReference; lastKnownFileType = file.storyboard; name = Base; path = Base.lproj/Main.storyboard; sourceTree = "<group>"; };
		B2E7AB961A2127110074B59B /* Images.xcassets */ = {isa = PBXFileReference; lastKnownFileType = folder.assetcatalog; path = Images.xcassets; sourceTree = "<group>"; };
		B2E7AB991A2127110074B59B /* Base */ = {isa = PBXFileReference; lastKnownFileType = file.xib; name = Base; path = Base.lproj/LaunchScreen.xib; sourceTree = "<group>"; };
		B2E7ABB41A2138360074B59B /* ViewControllerA.h */ = {isa = PBXFileReference; fileEncoding = 4; lastKnownFileType = sourcecode.c.h; path = ViewControllerA.h; sourceTree = "<group>"; };
		B2E7ABB51A2138360074B59B /* ViewControllerA.m */ = {isa = PBXFileReference; fileEncoding = 4; lastKnownFileType = sourcecode.c.objc; path = ViewControllerA.m; sourceTree = "<group>"; };
		B2E7ABB61A2138360074B59B /* ViewControllerB.h */ = {isa = PBXFileReference; fileEncoding = 4; lastKnownFileType = sourcecode.c.h; path = ViewControllerB.h; sourceTree = "<group>"; };
		B2E7ABB71A2138360074B59B /* ViewControllerB.m */ = {isa = PBXFileReference; fileEncoding = 4; lastKnownFileType = sourcecode.c.objc; path = ViewControllerB.m; sourceTree = "<group>"; };
		B2E7ABB81A2138360074B59B /* ViewControllerC.h */ = {isa = PBXFileReference; fileEncoding = 4; lastKnownFileType = sourcecode.c.h; path = ViewControllerC.h; sourceTree = "<group>"; };
		B2E7ABB91A2138360074B59B /* ViewControllerC.m */ = {isa = PBXFileReference; fileEncoding = 4; lastKnownFileType = sourcecode.c.objc; path = ViewControllerC.m; sourceTree = "<group>"; };
		B2E7ABBA1A2138360074B59B /* ViewControllerD.h */ = {isa = PBXFileReference; fileEncoding = 4; lastKnownFileType = sourcecode.c.h; path = ViewControllerD.h; sourceTree = "<group>"; };
		B2E7ABBB1A2138360074B59B /* ViewControllerD.m */ = {isa = PBXFileReference; fileEncoding = 4; lastKnownFileType = sourcecode.c.objc; path = ViewControllerD.m; sourceTree = "<group>"; };
		B2E7ABBC1A2138360074B59B /* ViewControllerE.h */ = {isa = PBXFileReference; fileEncoding = 4; lastKnownFileType = sourcecode.c.h; path = ViewControllerE.h; sourceTree = "<group>"; };
		B2E7ABBD1A2138360074B59B /* ViewControllerE.m */ = {isa = PBXFileReference; fileEncoding = 4; lastKnownFileType = sourcecode.c.objc; path = ViewControllerE.m; sourceTree = "<group>"; };
		B2E7ABBE1A2138360074B59B /* ViewControllerF.h */ = {isa = PBXFileReference; fileEncoding = 4; lastKnownFileType = sourcecode.c.h; path = ViewControllerF.h; sourceTree = "<group>"; };
		B2E7ABBF1A2138360074B59B /* ViewControllerF.m */ = {isa = PBXFileReference; fileEncoding = 4; lastKnownFileType = sourcecode.c.objc; path = ViewControllerF.m; sourceTree = "<group>"; };
		B2E7ABC01A2138360074B59B /* ViewControllerG.h */ = {isa = PBXFileReference; fileEncoding = 4; lastKnownFileType = sourcecode.c.h; path = ViewControllerG.h; sourceTree = "<group>"; };
		B2E7ABC11A2138360074B59B /* ViewControllerG.m */ = {isa = PBXFileReference; fileEncoding = 4; lastKnownFileType = sourcecode.c.objc; path = ViewControllerG.m; sourceTree = "<group>"; };
		B2E7ABC21A2138360074B59B /* ViewControllerH.h */ = {isa = PBXFileReference; fileEncoding = 4; lastKnownFileType = sourcecode.c.h; path = ViewControllerH.h; sourceTree = "<group>"; };
		B2E7ABC31A2138360074B59B /* ViewControllerH.m */ = {isa = PBXFileReference; fileEncoding = 4; lastKnownFileType = sourcecode.c.objc; path = ViewControllerH.m; sourceTree = "<group>"; };
		B2E7ABC41A2138360074B59B /* ViewControllerI.h */ = {isa = PBXFileReference; fileEncoding = 4; lastKnownFileType = sourcecode.c.h; path = ViewControllerI.h; sourceTree = "<group>"; };
		B2E7ABC51A2138360074B59B /* ViewControllerI.m */ = {isa = PBXFileReference; fileEncoding = 4; lastKnownFileType = sourcecode.c.objc; path = ViewControllerI.m; sourceTree = "<group>"; };
		B2E7ABC61A2138360074B59B /* ViewControllerJ.h */ = {isa = PBXFileReference; fileEncoding = 4; lastKnownFileType = sourcecode.c.h; path = ViewControllerJ.h; sourceTree = "<group>"; };
		B2E7ABC71A2138360074B59B /* ViewControllerJ.m */ = {isa = PBXFileReference; fileEncoding = 4; lastKnownFileType = sourcecode.c.objc; path = ViewControllerJ.m; sourceTree = "<group>"; };
		B2E7ABC81A2138360074B59B /* ViewControllerK.h */ = {isa = PBXFileReference; fileEncoding = 4; lastKnownFileType = sourcecode.c.h; path = ViewControllerK.h; sourceTree = "<group>"; };
		B2E7ABC91A2138360074B59B /* ViewControllerK.m */ = {isa = PBXFileReference; fileEncoding = 4; lastKnownFileType = sourcecode.c.objc; path = ViewControllerK.m; sourceTree = "<group>"; };
		B2E7ABCA1A2138360074B59B /* ViewControllerL.h */ = {isa = PBXFileReference; fileEncoding = 4; lastKnownFileType = sourcecode.c.h; path = ViewControllerL.h; sourceTree = "<group>"; };
		B2E7ABCB1A2138360074B59B /* ViewControllerL.m */ = {isa = PBXFileReference; fileEncoding = 4; lastKnownFileType = sourcecode.c.objc; path = ViewControllerL.m; sourceTree = "<group>"; };
		B2E7ABCC1A2138360074B59B /* ViewControllerM.h */ = {isa = PBXFileReference; fileEncoding = 4; lastKnownFileType = sourcecode.c.h; path = ViewControllerM.h; sourceTree = "<group>"; };
		B2E7ABCD1A2138360074B59B /* ViewControllerM.m */ = {isa = PBXFileReference; fileEncoding = 4; lastKnownFileType = sourcecode.c.objc; path = ViewControllerM.m; sourceTree = "<group>"; };
		B2E7ABCE1A2138360074B59B /* ViewControllerN.h */ = {isa = PBXFileReference; fileEncoding = 4; lastKnownFileType = sourcecode.c.h; path = ViewControllerN.h; sourceTree = "<group>"; };
		B2E7ABCF1A2138360074B59B /* ViewControllerN.m */ = {isa = PBXFileReference; fileEncoding = 4; lastKnownFileType = sourcecode.c.objc; path = ViewControllerN.m; sourceTree = "<group>"; };
		B2E7ABD01A2138360074B59B /* ViewControllerO.h */ = {isa = PBXFileReference; fileEncoding = 4; lastKnownFileType = sourcecode.c.h; path = ViewControllerO.h; sourceTree = "<group>"; };
		B2E7ABD11A2138360074B59B /* ViewControllerO.m */ = {isa = PBXFileReference; fileEncoding = 4; lastKnownFileType = sourcecode.c.objc; path = ViewControllerO.m; sourceTree = "<group>"; };
		B2E7ABD21A2138360074B59B /* ViewControllerP.h */ = {isa = PBXFileReference; fileEncoding = 4; lastKnownFileType = sourcecode.c.h; path = ViewControllerP.h; sourceTree = "<group>"; };
		B2E7ABD31A2138360074B59B /* ViewControllerP.m */ = {isa = PBXFileReference; fileEncoding = 4; lastKnownFileType = sourcecode.c.objc; path = ViewControllerP.m; sourceTree = "<group>"; };
		B2E7ABD41A2138360074B59B /* ViewControllerQ.h */ = {isa = PBXFileReference; fileEncoding = 4; lastKnownFileType = sourcecode.c.h; path = ViewControllerQ.h; sourceTree = "<group>"; };
		B2E7ABD51A2138360074B59B /* ViewControllerQ.m */ = {isa = PBXFileReference; fileEncoding = 4; lastKnownFileType = sourcecode.c.objc; path = ViewControllerQ.m; sourceTree = "<group>"; };
		B2E7ABD61A2138360074B59B /* ViewControllerR.h */ = {isa = PBXFileReference; fileEncoding = 4; lastKnownFileType = sourcecode.c.h; path = ViewControllerR.h; sourceTree = "<group>"; };
		B2E7ABD71A2138360074B59B /* ViewControllerR.m */ = {isa = PBXFileReference; fileEncoding = 4; lastKnownFileType = sourcecode.c.objc; path = ViewControllerR.m; sourceTree = "<group>"; };
		B2E7ABD81A2138360074B59B /* ViewControllerS.h */ = {isa = PBXFileReference; fileEncoding = 4; lastKnownFileType = sourcecode.c.h; path = ViewControllerS.h; sourceTree = "<group>"; };
		B2E7ABD91A2138360074B59B /* ViewControllerS.m */ = {isa = PBXFileReference; fileEncoding = 4; lastKnownFileType = sourcecode.c.objc; path = ViewControllerS.m; sourceTree = "<group>"; };
		B2E7ABDA1A2138360074B59B /* ViewControllerT.h */ = {isa = PBXFileReference; fileEncoding = 4; lastKnownFileType = sourcecode.c.h; path = ViewControllerT.h; sourceTree = "<group>"; };
		B2E7ABDB1A2138360074B59B /* ViewControllerT.m */ = {isa = PBXFileReference; fileEncoding = 4; lastKnownFileType = sourcecode.c.objc; path = ViewControllerT.m; sourceTree = "<group>"; };
		B2E7ABDC1A2138360074B59B /* ViewControllerU.h */ = {isa = PBXFileReference; fileEncoding = 4; lastKnownFileType = sourcecode.c.h; path = ViewControllerU.h; sourceTree = "<group>"; };
		B2E7ABDD1A2138360074B59B /* ViewControllerU.m */ = {isa = PBXFileReference; fileEncoding = 4; lastKnownFileType = sourcecode.c.objc; path = ViewControllerU.m; sourceTree = "<group>"; };
		B2E7ABDE1A2138360074B59B /* ViewControllerV.h */ = {isa = PBXFileReference; fileEncoding = 4; lastKnownFileType = sourcecode.c.h; path = ViewControllerV.h; sourceTree = "<group>"; };
		B2E7ABDF1A2138360074B59B /* ViewControllerV.m */ = {isa = PBXFileReference; fileEncoding = 4; lastKnownFileType = sourcecode.c.objc; path = ViewControllerV.m; sourceTree = "<group>"; };
		B2E7ABE01A2138360074B59B /* ViewControllerW.h */ = {isa = PBXFileReference; fileEncoding = 4; lastKnownFileType = sourcecode.c.h; path = ViewControllerW.h; sourceTree = "<group>"; };
		B2E7ABE11A2138360074B59B /* ViewControllerW.m */ = {isa = PBXFileReference; fileEncoding = 4; lastKnownFileType = sourcecode.c.objc; path = ViewControllerW.m; sourceTree = "<group>"; };
		B2E7ABE21A2138360074B59B /* ViewControllerX.h */ = {isa = PBXFileReference; fileEncoding = 4; lastKnownFileType = sourcecode.c.h; path = ViewControllerX.h; sourceTree = "<group>"; };
		B2E7ABE31A2138360074B59B /* ViewControllerX.m */ = {isa = PBXFileReference; fileEncoding = 4; lastKnownFileType = sourcecode.c.objc; path = ViewControllerX.m; sourceTree = "<group>"; };
		B2E7ABE41A2138360074B59B /* ViewControllerY.h */ = {isa = PBXFileReference; fileEncoding = 4; lastKnownFileType = sourcecode.c.h; path = ViewControllerY.h; sourceTree = "<group>"; };
		B2E7ABE51A2138360074B59B /* ViewControllerY.m */ = {isa = PBXFileReference; fileEncoding = 4; lastKnownFileType = sourcecode.c.objc; path = ViewControllerY.m; sourceTree = "<group>"; };
		B2E7ABE61A2138360074B59B /* ViewControllerZ.h */ = {isa = PBXFileReference; fileEncoding = 4; lastKnownFileType = sourcecode.c.h; path = ViewControllerZ.h; sourceTree = "<group>"; };
		B2E7ABE71A2138360074B59B /* ViewControllerZ.m */ = {isa = PBXFileReference; fileEncoding = 4; lastKnownFileType = sourcecode.c.objc; path = ViewControllerZ.m; sourceTree = "<group>"; };
		B2E7AC031A21471C0074B59B /* ViewControllerPlainA.h */ = {isa = PBXFileReference; fileEncoding = 4; lastKnownFileType = sourcecode.c.h; path = ViewControllerPlainA.h; sourceTree = "<group>"; };
		B2E7AC041A21471C0074B59B /* ViewControllerPlainA.m */ = {isa = PBXFileReference; fileEncoding = 4; lastKnownFileType = sourcecode.c.objc; path = ViewControllerPlainA.m; sourceTree = "<group>"; };
		B2E7AC051A21471C0074B59B /* ViewControllerPlainB.h */ = {isa = PBXFileReference; fileEncoding = 4; lastKnownFileType = sourcecode.c.h; path = ViewControllerPlainB.h; sourceTree = "<group>"; };
		B2E7AC061A21471C0074B59B /* ViewControllerPlainB.m */ = {isa = PBXFileReference; fileEncoding = 4; lastKnownFileType = sourcecode.c.objc; path = ViewControllerPlainB.m; sourceTree = "<group>"; };
		B2E7AC071A21471C0074B59B /* ViewControllerPlainC.h */ = {isa = PBXFileReference; fileEncoding = 4; lastKnownFileType = sourcecode.c.h; path = ViewControllerPlainC.h; sourceTree = "<group>"; };
		B2E7AC081A21471C0074B59B /* ViewControllerPlainC.m */ = {isa = PBXFileReference; fileEncoding = 4; lastKnownFileType = sourcecode.c.objc; path = ViewControllerPlainC.m; sourceTree = "<group>"; };
		B2E7AC091A21471C0074B59B /* ViewControllerPlainD.h */ = {isa = PBXFileReference; fileEncoding = 4; lastKnownFileType = sourcecode.c.h; path = ViewControllerPlainD.h; sourceTree = "<group>"; };
		B2E7AC0A1A21471C0074B59B /* ViewControllerPlainD.m */ = {isa = PBXFileReference; fileEncoding = 4; lastKnownFileType = sourcecode.c.objc; path = ViewControllerPlainD.m; sourceTree = "<group>"; };
		B2E7AC0B1A21471C0074B59B /* ViewControllerPlainE.h */ = {isa = PBXFileReference; fileEncoding = 4; lastKnownFileType = sourcecode.c.h; path = ViewControllerPlainE.h; sourceTree = "<group>"; };
		B2E7AC0C1A21471C0074B59B /* ViewControllerPlainE.m */ = {isa = PBXFileReference; fileEncoding = 4; lastKnownFileType = sourcecode.c.objc; path = ViewControllerPlainE.m; sourceTree = "<group>"; };
		B2E7AC0D1A21471C0074B59B /* ViewControllerPlainF.h */ = {isa = PBXFileReference; fileEncoding = 4; lastKnownFileType = sourcecode.c.h; path = ViewControllerPlainF.h; sourceTree = "<group>"; };
		B2E7AC0E1A21471C0074B59B /* ViewControllerPlainF.m */ = {isa = PBXFileReference; fileEncoding = 4; lastKnownFileType = sourcecode.c.objc; path = ViewControllerPlainF.m; sourceTree = "<group>"; };
		B2E7AC0F1A21471C0074B59B /* ViewControllerPlainG.h */ = {isa = PBXFileReference; fileEncoding = 4; lastKnownFileType = sourcecode.c.h; path = ViewControllerPlainG.h; sourceTree = "<group>"; };
		B2E7AC101A21471C0074B59B /* ViewControllerPlainG.m */ = {isa = PBXFileReference; fileEncoding = 4; lastKnownFileType = sourcecode.c.objc; path = ViewControllerPlainG.m; sourceTree = "<group>"; };
		B2E7AC111A21471C0074B59B /* ViewControllerPlainH.h */ = {isa = PBXFileReference; fileEncoding = 4; lastKnownFileType = sourcecode.c.h; path = ViewControllerPlainH.h; sourceTree = "<group>"; };
		B2E7AC121A21471C0074B59B /* ViewControllerPlainH.m */ = {isa = PBXFileReference; fileEncoding = 4; lastKnownFileType = sourcecode.c.objc; path = ViewControllerPlainH.m; sourceTree = "<group>"; };
		B2E7AC131A21471C0074B59B /* ViewControllerPlainI.h */ = {isa = PBXFileReference; fileEncoding = 4; lastKnownFileType = sourcecode.c.h; path = ViewControllerPlainI.h; sourceTree = "<group>"; };
		B2E7AC141A21471C0074B59B /* ViewControllerPlainI.m */ = {isa = PBXFileReference; fileEncoding = 4; lastKnownFileType = sourcecode.c.objc; path = ViewControllerPlainI.m; sourceTree = "<group>"; };
		B2E7AC151A21471C0074B59B /* ViewControllerPlainJ.h */ = {isa = PBXFileReference; fileEncoding = 4; lastKnownFileType = sourcecode.c.h; path = ViewControllerPlainJ.h; sourceTree = "<group>"; };
		B2E7AC161A21471C0074B59B /* ViewControllerPlainJ.m */ = {isa = PBXFileReference; fileEncoding = 4; lastKnownFileType = sourcecode.c.objc; path = ViewControllerPlainJ.m; sourceTree = "<group>"; };
		B2E7AC171A21471C0074B59B /* ViewControllerPlainK.h */ = {isa = PBXFileReference; fileEncoding = 4; lastKnownFileType = sourcecode.c.h; path = ViewControllerPlainK.h; sourceTree = "<group>"; };
		B2E7AC181A21471C0074B59B /* ViewControllerPlainK.m */ = {isa = PBXFileReference; fileEncoding = 4; lastKnownFileType = sourcecode.c.objc; path = ViewControllerPlainK.m; sourceTree = "<group>"; };
		B2E7AC191A21471C0074B59B /* ViewControllerPlainL.h */ = {isa = PBXFileReference; fileEncoding = 4; lastKnownFileType = sourcecode.c.h; path = ViewControllerPlainL.h; sourceTree = "<group>"; };
		B2E7AC1A1A21471C0074B59B /* ViewControllerPlainL.m */ = {isa = PBXFileReference; fileEncoding = 4; lastKnownFileType = sourcecode.c.objc; path = ViewControllerPlainL.m; sourceTree = "<group>"; };
		B2E7AC1B1A21471C0074B59B /* ViewControllerPlainM.h */ = {isa = PBXFileReference; fileEncoding = 4; lastKnownFileType = sourcecode.c.h; path = ViewControllerPlainM.h; sourceTree = "<group>"; };
		B2E7AC1C1A21471C0074B59B /* ViewControllerPlainM.m */ = {isa = PBXFileReference; fileEncoding = 4; lastKnownFileType = sourcecode.c.objc; path = ViewControllerPlainM.m; sourceTree = "<group>"; };
		B2E7AC1D1A21471C0074B59B /* ViewControllerPlainN.h */ = {isa = PBXFileReference; fileEncoding = 4; lastKnownFileType = sourcecode.c.h; path = ViewControllerPlainN.h; sourceTree = "<group>"; };
		B2E7AC1E1A21471C0074B59B /* ViewControllerPlainN.m */ = {isa = PBXFileReference; fileEncoding = 4; lastKnownFileType = sourcecode.c.objc; path = ViewControllerPlainN.m; sourceTree = "<group>"; };
		B2E7AC1F1A21471C0074B59B /* ViewControllerPlainO.h */ = {isa = PBXFileReference; fileEncoding = 4; lastKnownFileType = sourcecode.c.h; path = ViewControllerPlainO.h; sourceTree = "<group>"; };
		B2E7AC201A21471C0074B59B /* ViewControllerPlainO.m */ = {isa = PBXFileReference; fileEncoding = 4; lastKnownFileType = sourcecode.c.objc; path = ViewControllerPlainO.m; sourceTree = "<group>"; };
		B2E7AC211A21471C0074B59B /* ViewControllerPlainP.h */ = {isa = PBXFileReference; fileEncoding = 4; lastKnownFileType = sourcecode.c.h; path = ViewControllerPlainP.h; sourceTree = "<group>"; };
		B2E7AC221A21471C0074B59B /* ViewControllerPlainP.m */ = {isa = PBXFileReference; fileEncoding = 4; lastKnownFileType = sourcecode.c.objc; path = ViewControllerPlainP.m; sourceTree = "<group>"; };
		B2E7AC231A21471C0074B59B /* ViewControllerPlainQ.h */ = {isa = PBXFileReference; fileEncoding = 4; lastKnownFileType = sourcecode.c.h; path = ViewControllerPlainQ.h; sourceTree = "<group>"; };
		B2E7AC241A21471C0074B59B /* ViewControllerPlainQ.m */ = {isa = PBXFileReference; fileEncoding = 4; lastKnownFileType = sourcecode.c.objc; path = ViewControllerPlainQ.m; sourceTree = "<group>"; };
		B2E7AC251A21471C0074B59B /* ViewControllerPlainR.h */ = {isa = PBXFileReference; fileEncoding = 4; lastKnownFileType = sourcecode.c.h; path = ViewControllerPlainR.h; sourceTree = "<group>"; };
		B2E7AC261A21471C0074B59B /* ViewControllerPlainR.m */ = {isa = PBXFileReference; fileEncoding = 4; lastKnownFileType = sourcecode.c.objc; path = ViewControllerPlainR.m; sourceTree = "<group>"; };
		B2E7AC271A21471C0074B59B /* ViewControllerPlainS.h */ = {isa = PBXFileReference; fileEncoding = 4; lastKnownFileType = sourcecode.c.h; path = ViewControllerPlainS.h; sourceTree = "<group>"; };
		B2E7AC281A21471C0074B59B /* ViewControllerPlainS.m */ = {isa = PBXFileReference; fileEncoding = 4; lastKnownFileType = sourcecode.c.objc; path = ViewControllerPlainS.m; sourceTree = "<group>"; };
		B2E7AC291A21471C0074B59B /* ViewControllerPlainT.h */ = {isa = PBXFileReference; fileEncoding = 4; lastKnownFileType = sourcecode.c.h; path = ViewControllerPlainT.h; sourceTree = "<group>"; };
		B2E7AC2A1A21471C0074B59B /* ViewControllerPlainT.m */ = {isa = PBXFileReference; fileEncoding = 4; lastKnownFileType = sourcecode.c.objc; path = ViewControllerPlainT.m; sourceTree = "<group>"; };
		B2E7AC2B1A21471C0074B59B /* ViewControllerPlainU.h */ = {isa = PBXFileReference; fileEncoding = 4; lastKnownFileType = sourcecode.c.h; path = ViewControllerPlainU.h; sourceTree = "<group>"; };
		B2E7AC2C1A21471C0074B59B /* ViewControllerPlainU.m */ = {isa = PBXFileReference; fileEncoding = 4; lastKnownFileType = sourcecode.c.objc; path = ViewControllerPlainU.m; sourceTree = "<group>"; };
		B2E7AC2D1A21471C0074B59B /* ViewControllerPlainV.h */ = {isa = PBXFileReference; fileEncoding = 4; lastKnownFileType = sourcecode.c.h; path = ViewControllerPlainV.h; sourceTree = "<group>"; };
		B2E7AC2E1A21471C0074B59B /* ViewControllerPlainV.m */ = {isa = PBXFileReference; fileEncoding = 4; lastKnownFileType = sourcecode.c.objc; path = ViewControllerPlainV.m; sourceTree = "<group>"; };
		B2E7AC2F1A21471C0074B59B /* ViewControllerPlainW.h */ = {isa = PBXFileReference; fileEncoding = 4; lastKnownFileType = sourcecode.c.h; path = ViewControllerPlainW.h; sourceTree = "<group>"; };
		B2E7AC301A21471C0074B59B /* ViewControllerPlainW.m */ = {isa = PBXFileReference; fileEncoding = 4; lastKnownFileType = sourcecode.c.objc; path = ViewControllerPlainW.m; sourceTree = "<group>"; };
		B2E7AC311A21471C0074B59B /* ViewControllerPlainX.h */ = {isa = PBXFileReference; fileEncoding = 4; lastKnownFileType = sourcecode.c.h; path = ViewControllerPlainX.h; sourceTree = "<group>"; };
		B2E7AC321A21471C0074B59B /* ViewControllerPlainX.m */ = {isa = PBXFileReference; fileEncoding = 4; lastKnownFileType = sourcecode.c.objc; path = ViewControllerPlainX.m; sourceTree = "<group>"; };
		B2E7AC331A21471C0074B59B /* ViewControllerPlainY.h */ = {isa = PBXFileReference; fileEncoding = 4; lastKnownFileType = sourcecode.c.h; path = ViewControllerPlainY.h; sourceTree = "<group>"; };
		B2E7AC341A21471C0074B59B /* ViewControllerPlainY.m */ = {isa = PBXFileReference; fileEncoding = 4; lastKnownFileType = sourcecode.c.objc; path = ViewControllerPlainY.m; sourceTree = "<group>"; };
		B2E7AC351A21471C0074B59B /* ViewControllerPlainZ.h */ = {isa = PBXFileReference; fileEncoding = 4; lastKnownFileType = sourcecode.c.h; path = ViewControllerPlainZ.h; sourceTree = "<group>"; };
		B2E7AC361A21471C0074B59B /* ViewControllerPlainZ.m */ = {isa = PBXFileReference; fileEncoding = 4; lastKnownFileType = sourcecode.c.objc; path = ViewControllerPlainZ.m; sourceTree = "<group>"; };
		B2E7AC551A2148760074B59B /* storyboardfree.app */ = {isa = PBXFileReference; explicitFileType = wrapper.application; includeInIndex = 0; path = storyboardfree.app; sourceTree = BUILT_PRODUCTS_DIR; };
		B2E7AC581A2148760074B59B /* Info.plist */ = {isa = PBXFileReference; lastKnownFileType = text.plist.xml; path = Info.plist; sourceTree = "<group>"; };
		B2E7AC591A2148760074B59B /* main.m */ = {isa = PBXFileReference; lastKnownFileType = sourcecode.c.objc; path = main.m; sourceTree = "<group>"; };
		B2E7AC5B1A2148760074B59B /* AppDelegate.h */ = {isa = PBXFileReference; lastKnownFileType = sourcecode.c.h; path = AppDelegate.h; sourceTree = "<group>"; };
		B2E7AC5C1A2148760074B59B /* AppDelegate.m */ = {isa = PBXFileReference; lastKnownFileType = sourcecode.c.objc; path = AppDelegate.m; sourceTree = "<group>"; };
		B2E7AC641A2148760074B59B /* Images.xcassets */ = {isa = PBXFileReference; lastKnownFileType = folder.assetcatalog; path = Images.xcassets; sourceTree = "<group>"; };
		B2E7AC671A2148760074B59B /* Base */ = {isa = PBXFileReference; lastKnownFileType = file.xib; name = Base; path = Base.lproj/LaunchScreen.xib; sourceTree = "<group>"; };
/* End PBXFileReference section */

/* Begin PBXFrameworksBuildPhase section */
		B2E7AB831A2127100074B59B /* Frameworks */ = {
			isa = PBXFrameworksBuildPhase;
			buildActionMask = 2147483647;
			files = (
			);
			runOnlyForDeploymentPostprocessing = 0;
		};
		B2E7AC521A2148760074B59B /* Frameworks */ = {
			isa = PBXFrameworksBuildPhase;
			buildActionMask = 2147483647;
			files = (
			);
			runOnlyForDeploymentPostprocessing = 0;
		};
/* End PBXFrameworksBuildPhase section */

/* Begin PBXGroup section */
		B2E7AB7D1A2127100074B59B = {
			isa = PBXGroup;
			children = (
				B2E7AB881A2127100074B59B /* benchboard */,
				B2E7AC561A2148760074B59B /* storyboardfree */,
				B2E7AB871A2127100074B59B /* Products */,
			);
			sourceTree = "<group>";
		};
		B2E7AB871A2127100074B59B /* Products */ = {
			isa = PBXGroup;
			children = (
				B2E7AB861A2127100074B59B /* benchboard.app */,
				B2E7AC551A2148760074B59B /* storyboardfree.app */,
			);
			name = Products;
			sourceTree = "<group>";
		};
		B2E7AB881A2127100074B59B /* benchboard */ = {
			isa = PBXGroup;
			children = (
				B2E7ABB31A2138360074B59B /* ViewControllers */,
				B2E7AC951A214A570074B59B /* Launch */,
				B2E7AB931A2127110074B59B /* Main.storyboard */,
				B2E7AB961A2127110074B59B /* Images.xcassets */,
				B2E7AB981A2127110074B59B /* LaunchScreen.xib */,
				B2E7AB891A2127100074B59B /* Supporting Files */,
			);
			path = benchboard;
			sourceTree = "<group>";
		};
		B2E7AB891A2127100074B59B /* Supporting Files */ = {
			isa = PBXGroup;
			children = (
				B2E7AB8A1A2127110074B59B /* Info.plist */,
				B2E7AB8B1A2127110074B59B /* main.m */,
			);
			name = "Supporting Files";
			sourceTree = "<group>";
		};
		B2E7ABB31A2138360074B59B /* ViewControllers */ = {
			isa = PBXGroup;
			children = (
				B2E7ABB41A2138360074B59B /* ViewControllerA.h */,
				B2E7ABB51A2138360074B59B /* ViewControllerA.m */,
				B2E7ABB61A2138360074B59B /* ViewControllerB.h */,
				B2E7ABB71A2138360074B59B /* ViewControllerB.m */,
				B2E7ABB81A2138360074B59B /* ViewControllerC.h */,
				B2E7ABB91A2138360074B59B /* ViewControllerC.m */,
				B2E7ABBA1A2138360074B59B /* ViewControllerD.h */,
				B2E7ABBB1A2138360074B59B /* ViewControllerD.m */,
				B2E7ABBC1A2138360074B59B /* ViewControllerE.h */,
				B2E7ABBD1A2138360074B59B /* ViewControllerE.m */,
				B2E7ABBE1A2138360074B59B /* ViewControllerF.h */,
				B2E7ABBF1A2138360074B59B /* ViewControllerF.m */,
				B2E7ABC01A2138360074B59B /* ViewControllerG.h */,
				B2E7ABC11A2138360074B59B /* ViewControllerG.m */,
				B2E7ABC21A2138360074B59B /* ViewControllerH.h */,
				B2E7ABC31A2138360074B59B /* ViewControllerH.m */,
				B2E7ABC41A2138360074B59B /* ViewControllerI.h */,
				B2E7ABC51A2138360074B59B /* ViewControllerI.m */,
				B2E7ABC61A2138360074B59B /* ViewControllerJ.h */,
				B2E7ABC71A2138360074B59B /* ViewControllerJ.m */,
				B2E7ABC81A2138360074B59B /* ViewControllerK.h */,
				B2E7ABC91A2138360074B59B /* ViewControllerK.m */,
				B2E7ABCA1A2138360074B59B /* ViewControllerL.h */,
				B2E7ABCB1A2138360074B59B /* ViewControllerL.m */,
				B2E7ABCC1A2138360074B59B /* ViewControllerM.h */,
				B2E7ABCD1A2138360074B59B /* ViewControllerM.m */,
				B2E7ABCE1A2138360074B59B /* ViewControllerN.h */,
				B2E7ABCF1A2138360074B59B /* ViewControllerN.m */,
				B2E7ABD01A2138360074B59B /* ViewControllerO.h */,
				B2E7ABD11A2138360074B59B /* ViewControllerO.m */,
				B2E7ABD21A2138360074B59B /* ViewControllerP.h */,
				B2E7ABD31A2138360074B59B /* ViewControllerP.m */,
				B2E7ABD41A2138360074B59B /* ViewControllerQ.h */,
				B2E7ABD51A2138360074B59B /* ViewControllerQ.m */,
				B2E7ABD61A2138360074B59B /* ViewControllerR.h */,
				B2E7ABD71A2138360074B59B /* ViewControllerR.m */,
				B2E7ABD81A2138360074B59B /* ViewControllerS.h */,
				B2E7ABD91A2138360074B59B /* ViewControllerS.m */,
				B2E7ABDA1A2138360074B59B /* ViewControllerT.h */,
				B2E7ABDB1A2138360074B59B /* ViewControllerT.m */,
				B2E7ABDC1A2138360074B59B /* ViewControllerU.h */,
				B2E7ABDD1A2138360074B59B /* ViewControllerU.m */,
				B2E7ABDE1A2138360074B59B /* ViewControllerV.h */,
				B2E7ABDF1A2138360074B59B /* ViewControllerV.m */,
				B2E7ABE01A2138360074B59B /* ViewControllerW.h */,
				B2E7ABE11A2138360074B59B /* ViewControllerW.m */,
				B2E7ABE21A2138360074B59B /* ViewControllerX.h */,
				B2E7ABE31A2138360074B59B /* ViewControllerX.m */,
				B2E7ABE41A2138360074B59B /* ViewControllerY.h */,
				B2E7ABE51A2138360074B59B /* ViewControllerY.m */,
				B2E7ABE61A2138360074B59B /* ViewControllerZ.h */,
				B2E7ABE71A2138360074B59B /* ViewControllerZ.m */,
			);
			path = ViewControllers;
			sourceTree = "<group>";
		};
		B2E7AC021A21471C0074B59B /* ViewControllersPlain */ = {
			isa = PBXGroup;
			children = (
				B2E7AC031A21471C0074B59B /* ViewControllerPlainA.h */,
				B2E7AC041A21471C0074B59B /* ViewControllerPlainA.m */,
				B2E7AC051A21471C0074B59B /* ViewControllerPlainB.h */,
				B2E7AC061A21471C0074B59B /* ViewControllerPlainB.m */,
				B2E7AC071A21471C0074B59B /* ViewControllerPlainC.h */,
				B2E7AC081A21471C0074B59B /* ViewControllerPlainC.m */,
				B2E7AC091A21471C0074B59B /* ViewControllerPlainD.h */,
				B2E7AC0A1A21471C0074B59B /* ViewControllerPlainD.m */,
				B2E7AC0B1A21471C0074B59B /* ViewControllerPlainE.h */,
				B2E7AC0C1A21471C0074B59B /* ViewControllerPlainE.m */,
				B2E7AC0D1A21471C0074B59B /* ViewControllerPlainF.h */,
				B2E7AC0E1A21471C0074B59B /* ViewControllerPlainF.m */,
				B2E7AC0F1A21471C0074B59B /* ViewControllerPlainG.h */,
				B2E7AC101A21471C0074B59B /* ViewControllerPlainG.m */,
				B2E7AC111A21471C0074B59B /* ViewControllerPlainH.h */,
				B2E7AC121A21471C0074B59B /* ViewControllerPlainH.m */,
				B2E7AC131A21471C0074B59B /* ViewControllerPlainI.h */,
				B2E7AC141A21471C0074B59B /* ViewControllerPlainI.m */,
				B2E7AC151A21471C0074B59B /* ViewControllerPlainJ.h */,
				B2E7AC161A21471C0074B59B /* ViewControllerPlainJ.m */,
				B2E7AC171A21471C0074B59B /* ViewControllerPlainK.h */,
				B2E7AC181A21471C0074B59B /* ViewControllerPlainK.m */,
				B2E7AC191A21471C0074B59B /* ViewControllerPlainL.h */,
				B2E7AC1A1A21471C0074B59B /* ViewControllerPlainL.m */,
				B2E7AC1B1A21471C0074B59B /* ViewControllerPlainM.h */,
				B2E7AC1C1A21471C0074B59B /* ViewControllerPlainM.m */,
				B2E7AC1D1A21471C0074B59B /* ViewControllerPlainN.h */,
				B2E7AC1E1A21471C0074B59B /* ViewControllerPlainN.m */,
				B2E7AC1F1A21471C0074B59B /* ViewControllerPlainO.h */,
				B2E7AC201A21471C0074B59B /* ViewControllerPlainO.m */,
				B2E7AC211A21471C0074B59B /* ViewControllerPlainP.h */,
				B2E7AC221A21471C0074B59B /* ViewControllerPlainP.m */,
				B2E7AC231A21471C0074B59B /* ViewControllerPlainQ.h */,
				B2E7AC241A21471C0074B59B /* ViewControllerPlainQ.m */,
				B2E7AC251A21471C0074B59B /* ViewControllerPlainR.h */,
				B2E7AC261A21471C0074B59B /* ViewControllerPlainR.m */,
				B2E7AC271A21471C0074B59B /* ViewControllerPlainS.h */,
				B2E7AC281A21471C0074B59B /* ViewControllerPlainS.m */,
				B2E7AC291A21471C0074B59B /* ViewControllerPlainT.h */,
				B2E7AC2A1A21471C0074B59B /* ViewControllerPlainT.m */,
				B2E7AC2B1A21471C0074B59B /* ViewControllerPlainU.h */,
				B2E7AC2C1A21471C0074B59B /* ViewControllerPlainU.m */,
				B2E7AC2D1A21471C0074B59B /* ViewControllerPlainV.h */,
				B2E7AC2E1A21471C0074B59B /* ViewControllerPlainV.m */,
				B2E7AC2F1A21471C0074B59B /* ViewControllerPlainW.h */,
				B2E7AC301A21471C0074B59B /* ViewControllerPlainW.m */,
				B2E7AC311A21471C0074B59B /* ViewControllerPlainX.h */,
				B2E7AC321A21471C0074B59B /* ViewControllerPlainX.m */,
				B2E7AC331A21471C0074B59B /* ViewControllerPlainY.h */,
				B2E7AC341A21471C0074B59B /* ViewControllerPlainY.m */,
				B2E7AC351A21471C0074B59B /* ViewControllerPlainZ.h */,
				B2E7AC361A21471C0074B59B /* ViewControllerPlainZ.m */,
			);
			name = ViewControllersPlain;
			path = ../benchboard/ViewControllersPlain;
			sourceTree = "<group>";
		};
		B2E7AC561A2148760074B59B /* storyboardfree */ = {
			isa = PBXGroup;
			children = (
				B2E7AC021A21471C0074B59B /* ViewControllersPlain */,
				B2E7AC961A214A8B0074B59B /* Launch */,
				B2E7AC641A2148760074B59B /* Images.xcassets */,
				B2E7AC661A2148760074B59B /* LaunchScreen.xib */,
				B2E7AC571A2148760074B59B /* Supporting Files */,
			);
			path = storyboardfree;
			sourceTree = "<group>";
		};
		B2E7AC571A2148760074B59B /* Supporting Files */ = {
			isa = PBXGroup;
			children = (
				B2E7AC581A2148760074B59B /* Info.plist */,
				B2E7AC591A2148760074B59B /* main.m */,
			);
			name = "Supporting Files";
			sourceTree = "<group>";
		};
		B2E7AC951A214A570074B59B /* Launch */ = {
			isa = PBXGroup;
			children = (
				B2E7AB8E1A2127110074B59B /* AppDelegate.m */,
				B2E7AB8D1A2127110074B59B /* AppDelegate.h */,
			);
			name = Launch;
			sourceTree = "<group>";
		};
		B2E7AC961A214A8B0074B59B /* Launch */ = {
			isa = PBXGroup;
			children = (
				B2E7AC5B1A2148760074B59B /* AppDelegate.h */,
				B2E7AC5C1A2148760074B59B /* AppDelegate.m */,
			);
			name = Launch;
			sourceTree = "<group>";
		};
/* End PBXGroup section */

/* Begin PBXNativeTarget section */
		B2E7AB851A2127100074B59B /* benchboard */ = {
			isa = PBXNativeTarget;
			buildConfigurationList = B2E7ABA91A2127110074B59B /* Build configuration list for PBXNativeTarget "benchboard" */;
			buildPhases = (
				B2E7AB821A2127100074B59B /* Sources */,
				B2E7AB831A2127100074B59B /* Frameworks */,
				B2E7AB841A2127100074B59B /* Resources */,
			);
			buildRules = (
			);
			dependencies = (
			);
			name = benchboard;
			productName = benchboard;
			productReference = B2E7AB861A2127100074B59B /* benchboard.app */;
			productType = "com.apple.product-type.application";
		};
		B2E7AC541A2148760074B59B /* storyboardfree */ = {
			isa = PBXNativeTarget;
			buildConfigurationList = B2E7AC751A2148760074B59B /* Build configuration list for PBXNativeTarget "storyboardfree" */;
			buildPhases = (
				B2E7AC511A2148760074B59B /* Sources */,
				B2E7AC521A2148760074B59B /* Frameworks */,
				B2E7AC531A2148760074B59B /* Resources */,
			);
			buildRules = (
			);
			dependencies = (
			);
			name = storyboardfree;
			productName = storyboardfree;
			productReference = B2E7AC551A2148760074B59B /* storyboardfree.app */;
			productType = "com.apple.product-type.application";
		};
/* End PBXNativeTarget section */

/* Begin PBXProject section */
		B2E7AB7E1A2127100074B59B /* Project object */ = {
			isa = PBXProject;
			attributes = {
				LastUpgradeCheck = 0610;
				ORGANIZATIONNAME = beergrammer;
				TargetAttributes = {
					B2E7AB851A2127100074B59B = {
						CreatedOnToolsVersion = 6.1;
					};
					B2E7AC541A2148760074B59B = {
						CreatedOnToolsVersion = 6.1;
					};
				};
			};
			buildConfigurationList = B2E7AB811A2127100074B59B /* Build configuration list for PBXProject "benchboard" */;
			compatibilityVersion = "Xcode 3.2";
			developmentRegion = English;
			hasScannedForEncodings = 0;
			knownRegions = (
				en,
				Base,
			);
			mainGroup = B2E7AB7D1A2127100074B59B;
			productRefGroup = B2E7AB871A2127100074B59B /* Products */;
			projectDirPath = "";
			projectRoot = "";
			targets = (
				B2E7AB851A2127100074B59B /* benchboard */,
				B2E7AC541A2148760074B59B /* storyboardfree */,
			);
		};
/* End PBXProject section */

/* Begin PBXResourcesBuildPhase section */
		B2E7AB841A2127100074B59B /* Resources */ = {
			isa = PBXResourcesBuildPhase;
			buildActionMask = 2147483647;
			files = (
				B2E7AC971A214C040074B59B /* Main.storyboard in Resources */,
				B2E7AC981A214C040074B59B /* LaunchScreen.xib in Resources */,
				B2E7AB971A2127110074B59B /* Images.xcassets in Resources */,
			);
			runOnlyForDeploymentPostprocessing = 0;
		};
		B2E7AC531A2148760074B59B /* Resources */ = {
			isa = PBXResourcesBuildPhase;
			buildActionMask = 2147483647;
			files = (
				B2E7AC681A2148760074B59B /* LaunchScreen.xib in Resources */,
				B2E7AC651A2148760074B59B /* Images.xcassets in Resources */,
			);
			runOnlyForDeploymentPostprocessing = 0;
		};
/* End PBXResourcesBuildPhase section */

/* Begin PBXSourcesBuildPhase section */
		B2E7AB821A2127100074B59B /* Sources */ = {
			isa = PBXSourcesBuildPhase;
			buildActionMask = 2147483647;
			files = (
				B2E7ABF81A2138360074B59B /* ViewControllerQ.m in Sources */,
				B2E7ABF91A2138360074B59B /* ViewControllerR.m in Sources */,
				B2E7ABFA1A2138360074B59B /* ViewControllerS.m in Sources */,
				B2E7ABFF1A2138360074B59B /* ViewControllerX.m in Sources */,
				B2E7AB8F1A2127110074B59B /* AppDelegate.m in Sources */,
				B2E7AC001A2138360074B59B /* ViewControllerY.m in Sources */,
				B2E7ABEF1A2138360074B59B /* ViewControllerH.m in Sources */,
				B2E7ABED1A2138360074B59B /* ViewControllerF.m in Sources */,
				B2E7ABF21A2138360074B59B /* ViewControllerK.m in Sources */,
				B2E7AC011A2138360074B59B /* ViewControllerZ.m in Sources */,
				B2E7ABEA1A2138360074B59B /* ViewControllerC.m in Sources */,
				B2E7ABF71A2138360074B59B /* ViewControllerP.m in Sources */,
				B2E7ABEC1A2138360074B59B /* ViewControllerE.m in Sources */,
				B2E7ABF61A2138360074B59B /* ViewControllerO.m in Sources */,
				B2E7ABFE1A2138360074B59B /* ViewControllerW.m in Sources */,
				B2E7ABF11A2138360074B59B /* ViewControllerJ.m in Sources */,
				B2E7ABFC1A2138360074B59B /* ViewControllerU.m in Sources */,
				B2E7ABE91A2138360074B59B /* ViewControllerB.m in Sources */,
				B2E7ABEE1A2138360074B59B /* ViewControllerG.m in Sources */,
				B2E7ABF51A2138360074B59B /* ViewControllerN.m in Sources */,
				B2E7ABF31A2138360074B59B /* ViewControllerL.m in Sources */,
				B2E7ABFD1A2138360074B59B /* ViewControllerV.m in Sources */,
				B2E7AB8C1A2127110074B59B /* main.m in Sources */,
				B2E7ABF41A2138360074B59B /* ViewControllerM.m in Sources */,
				B2E7ABE81A2138360074B59B /* ViewControllerA.m in Sources */,
				B2E7ABEB1A2138360074B59B /* ViewControllerD.m in Sources */,
				B2E7ABF01A2138360074B59B /* ViewControllerI.m in Sources */,
				B2E7ABFB1A2138360074B59B /* ViewControllerT.m in Sources */,
			);
			runOnlyForDeploymentPostprocessing = 0;
		};
		B2E7AC511A2148760074B59B /* Sources */ = {
			isa = PBXSourcesBuildPhase;
			buildActionMask = 2147483647;
			files = (
				B2E7AC7B1A214A130074B59B /* ViewControllerPlainA.m in Sources */,
				B2E7AC7C1A214A130074B59B /* ViewControllerPlainB.m in Sources */,
				B2E7AC7D1A214A130074B59B /* ViewControllerPlainC.m in Sources */,
				B2E7AC7E1A214A130074B59B /* ViewControllerPlainD.m in Sources */,
				B2E7AC7F1A214A130074B59B /* ViewControllerPlainE.m in Sources */,
				B2E7AC801A214A130074B59B /* ViewControllerPlainF.m in Sources */,
				B2E7AC811A214A130074B59B /* ViewControllerPlainG.m in Sources */,
				B2E7AC821A214A130074B59B /* ViewControllerPlainH.m in Sources */,
				B2E7AC831A214A130074B59B /* ViewControllerPlainI.m in Sources */,
				B2E7AC841A214A130074B59B /* ViewControllerPlainJ.m in Sources */,
				B2E7AC851A214A130074B59B /* ViewControllerPlainK.m in Sources */,
				B2E7AC861A214A130074B59B /* ViewControllerPlainL.m in Sources */,
				B2E7AC871A214A130074B59B /* ViewControllerPlainM.m in Sources */,
				B2E7AC881A214A130074B59B /* ViewControllerPlainN.m in Sources */,
				B2E7AC891A214A130074B59B /* ViewControllerPlainO.m in Sources */,
				B2E7AC8A1A214A130074B59B /* ViewControllerPlainP.m in Sources */,
				B2E7AC8B1A214A130074B59B /* ViewControllerPlainQ.m in Sources */,
				B2E7AC8C1A214A130074B59B /* ViewControllerPlainR.m in Sources */,
				B2E7AC8D1A214A130074B59B /* ViewControllerPlainS.m in Sources */,
				B2E7AC8E1A214A130074B59B /* ViewControllerPlainT.m in Sources */,
				B2E7AC8F1A214A130074B59B /* ViewControllerPlainU.m in Sources */,
				B2E7AC901A214A130074B59B /* ViewControllerPlainV.m in Sources */,
				B2E7AC911A214A130074B59B /* ViewControllerPlainW.m in Sources */,
				B2E7AC921A214A130074B59B /* ViewControllerPlainX.m in Sources */,
				B2E7AC931A214A130074B59B /* ViewControllerPlainY.m in Sources */,
				B2E7AC941A214A130074B59B /* ViewControllerPlainZ.m in Sources */,
				B2E7AC5D1A2148760074B59B /* AppDelegate.m in Sources */,
				B2E7AC5A1A2148760074B59B /* main.m in Sources */,
			);
			runOnlyForDeploymentPostprocessing = 0;
		};
/* End PBXSourcesBuildPhase section */

/* Begin PBXVariantGroup section */
		B2E7AB931A2127110074B59B /* Main.storyboard */ = {
			isa = PBXVariantGroup;
			children = (
				B2E7AB941A2127110074B59B /* Base */,
			);
			name = Main.storyboard;
			sourceTree = "<group>";
		};
		B2E7AB981A2127110074B59B /* LaunchScreen.xib */ = {
			isa = PBXVariantGroup;
			children = (
				B2E7AB991A2127110074B59B /* Base */,
			);
			name = LaunchScreen.xib;
			sourceTree = "<group>";
		};
		B2E7AC661A2148760074B59B /* LaunchScreen.xib */ = {
			isa = PBXVariantGroup;
			children = (
				B2E7AC671A2148760074B59B /* Base */,
			);
			name = LaunchScreen.xib;
			sourceTree = "<group>";
		};
/* End PBXVariantGroup section */

/* Begin XCBuildConfiguration section */
		B2E7ABA71A2127110074B59B /* Debug */ = {
			isa = XCBuildConfiguration;
			buildSettings = {
				ALWAYS_SEARCH_USER_PATHS = NO;
				CLANG_CXX_LANGUAGE_STANDARD = "gnu++0x";
				CLANG_CXX_LIBRARY = "libc++";
				CLANG_ENABLE_MODULES = YES;
				CLANG_ENABLE_OBJC_ARC = YES;
				CLANG_WARN_BOOL_CONVERSION = YES;
				CLANG_WARN_CONSTANT_CONVERSION = YES;
				CLANG_WARN_DIRECT_OBJC_ISA_USAGE = YES_ERROR;
				CLANG_WARN_EMPTY_BODY = YES;
				CLANG_WARN_ENUM_CONVERSION = YES;
				CLANG_WARN_INT_CONVERSION = YES;
				CLANG_WARN_OBJC_ROOT_CLASS = YES_ERROR;
				CLANG_WARN_UNREACHABLE_CODE = YES;
				CLANG_WARN__DUPLICATE_METHOD_MATCH = YES;
				"CODE_SIGN_IDENTITY[sdk=iphoneos*]" = "iPhone Developer";
				COPY_PHASE_STRIP = NO;
				ENABLE_STRICT_OBJC_MSGSEND = YES;
				GCC_C_LANGUAGE_STANDARD = gnu99;
				GCC_DYNAMIC_NO_PIC = NO;
				GCC_OPTIMIZATION_LEVEL = 0;
				GCC_PREPROCESSOR_DEFINITIONS = (
					"DEBUG=1",
					"$(inherited)",
				);
				GCC_SYMBOLS_PRIVATE_EXTERN = NO;
				GCC_WARN_64_TO_32_BIT_CONVERSION = YES;
				GCC_WARN_ABOUT_RETURN_TYPE = YES_ERROR;
				GCC_WARN_UNDECLARED_SELECTOR = YES;
				GCC_WARN_UNINITIALIZED_AUTOS = YES_AGGRESSIVE;
				GCC_WARN_UNUSED_FUNCTION = YES;
				GCC_WARN_UNUSED_VARIABLE = YES;
				IPHONEOS_DEPLOYMENT_TARGET = 8.1;
				MTL_ENABLE_DEBUG_INFO = YES;
				ONLY_ACTIVE_ARCH = YES;
				SDKROOT = iphoneos;
				TARGETED_DEVICE_FAMILY = "1,2";
			};
			name = Debug;
		};
		B2E7ABA81A2127110074B59B /* Release */ = {
			isa = XCBuildConfiguration;
			buildSettings = {
				ALWAYS_SEARCH_USER_PATHS = NO;
				CLANG_CXX_LANGUAGE_STANDARD = "gnu++0x";
				CLANG_CXX_LIBRARY = "libc++";
				CLANG_ENABLE_MODULES = YES;
				CLANG_ENABLE_OBJC_ARC = YES;
				CLANG_WARN_BOOL_CONVERSION = YES;
				CLANG_WARN_CONSTANT_CONVERSION = YES;
				CLANG_WARN_DIRECT_OBJC_ISA_USAGE = YES_ERROR;
				CLANG_WARN_EMPTY_BODY = YES;
				CLANG_WARN_ENUM_CONVERSION = YES;
				CLANG_WARN_INT_CONVERSION = YES;
				CLANG_WARN_OBJC_ROOT_CLASS = YES_ERROR;
				CLANG_WARN_UNREACHABLE_CODE = YES;
				CLANG_WARN__DUPLICATE_METHOD_MATCH = YES;
				"CODE_SIGN_IDENTITY[sdk=iphoneos*]" = "iPhone Developer";
				COPY_PHASE_STRIP = YES;
				ENABLE_NS_ASSERTIONS = NO;
				ENABLE_STRICT_OBJC_MSGSEND = YES;
				GCC_C_LANGUAGE_STANDARD = gnu99;
				GCC_WARN_64_TO_32_BIT_CONVERSION = YES;
				GCC_WARN_ABOUT_RETURN_TYPE = YES_ERROR;
				GCC_WARN_UNDECLARED_SELECTOR = YES;
				GCC_WARN_UNINITIALIZED_AUTOS = YES_AGGRESSIVE;
				GCC_WARN_UNUSED_FUNCTION = YES;
				GCC_WARN_UNUSED_VARIABLE = YES;
				IPHONEOS_DEPLOYMENT_TARGET = 8.1;
				MTL_ENABLE_DEBUG_INFO = NO;
				SDKROOT = iphoneos;
				TARGETED_DEVICE_FAMILY = "1,2";
				VALIDATE_PRODUCT = YES;
			};
			name = Release;
		};
		B2E7ABAA1A2127110074B59B /* Debug */ = {
			isa = XCBuildConfiguration;
			buildSettings = {
				ASSETCATALOG_COMPILER_APPICON_NAME = AppIcon;
				INFOPLIST_FILE = benchboard/Info.plist;
				LD_RUNPATH_SEARCH_PATHS = "$(inherited) @executable_path/Frameworks";
				PRODUCT_NAME = "$(TARGET_NAME)";
			};
			name = Debug;
		};
		B2E7ABAB1A2127110074B59B /* Release */ = {
			isa = XCBuildConfiguration;
			buildSettings = {
				ASSETCATALOG_COMPILER_APPICON_NAME = AppIcon;
				INFOPLIST_FILE = benchboard/Info.plist;
				LD_RUNPATH_SEARCH_PATHS = "$(inherited) @executable_path/Frameworks";
				PRODUCT_NAME = "$(TARGET_NAME)";
			};
			name = Release;
		};
		B2E7AC761A2148760074B59B /* Debug */ = {
			isa = XCBuildConfiguration;
			buildSettings = {
				ASSETCATALOG_COMPILER_APPICON_NAME = AppIcon;
				GCC_PREPROCESSOR_DEFINITIONS = (
					"DEBUG=1",
					"$(inherited)",
				);
				INFOPLIST_FILE = storyboardfree/Info.plist;
				LD_RUNPATH_SEARCH_PATHS = "$(inherited) @executable_path/Frameworks";
				PRODUCT_NAME = "$(TARGET_NAME)";
			};
			name = Debug;
		};
		B2E7AC771A2148760074B59B /* Release */ = {
			isa = XCBuildConfiguration;
			buildSettings = {
				ASSETCATALOG_COMPILER_APPICON_NAME = AppIcon;
				INFOPLIST_FILE = storyboardfree/Info.plist;
				LD_RUNPATH_SEARCH_PATHS = "$(inherited) @executable_path/Frameworks";
				PRODUCT_NAME = "$(TARGET_NAME)";
			};
			name = Release;
		};
/* End XCBuildConfiguration section */

/* Begin XCConfigurationList section */
		B2E7AB811A2127100074B59B /* Build configuration list for PBXProject "benchboard" */ = {
			isa = XCConfigurationList;
			buildConfigurations = (
				B2E7ABA71A2127110074B59B /* Debug */,
				B2E7ABA81A2127110074B59B /* Release */,
			);
			defaultConfigurationIsVisible = 0;
			defaultConfigurationName = Release;
		};
		B2E7ABA91A2127110074B59B /* Build configuration list for PBXNativeTarget "benchboard" */ = {
			isa = XCConfigurationList;
			buildConfigurations = (
				B2E7ABAA1A2127110074B59B /* Debug */,
				B2E7ABAB1A2127110074B59B /* Release */,
			);
			defaultConfigurationIsVisible = 0;
		};
		B2E7AC751A2148760074B59B /* Build configuration list for PBXNativeTarget "storyboardfree" */ = {
			isa = XCConfigurationList;
			buildConfigurations = (
				B2E7AC761A2148760074B59B /* Debug */,
				B2E7AC771A2148760074B59B /* Release */,
			);
			defaultConfigurationIsVisible = 0;
		};
/* End XCConfigurationList section */
	};
	rootObject = B2E7AB7E1A2127100074B59B /* Project object */;
}
