// !$*UTF8*$!
{
	archiveVersion = 1;
	classes = {
	};
	objectVersion = 46;
	objects = {

/* Begin PBXBuildFile section */
		B2E7AB8C1A2127110074B59B /* main.m in Sources */ = {isa = PBXBuildFile; fileRef = B2E7AB8B1A2127110074B59B /* main.m */; };
		B2E7AB8F1A2127110074B59B /* AppDelegate.m in Sources */ = {isa = PBXBuildFile; fileRef = B2E7AB8E1A2127110074B59B /* AppDelegate.m */; };
		B2E7AB921A2127110074B59B /* ViewController.m in Sources */ = {isa = PBXBuildFile; fileRef = B2E7AB911A2127110074B59B /* ViewController.m */; };
		B2E7AB951A2127110074B59B /* Main.storyboard in Resources */ = {isa = PBXBuildFile; fileRef = B2E7AB931A2127110074B59B /* Main.storyboard */; };
		B2E7AB971A2127110074B59B /* Images.xcassets in Resources */ = {isa = PBXBuildFile; fileRef = B2E7AB961A2127110074B59B /* Images.xcassets */; };
		B2E7AB9A1A2127110074B59B /* LaunchScreen.xib in Resources */ = {isa = PBXBuildFile; fileRef = B2E7AB981A2127110074B59B /* LaunchScreen.xib */; };
		B2E7ABA61A2127110074B59B /* benchboardTests.m in Sources */ = {isa = PBXBuildFile; fileRef = B2E7ABA51A2127110074B59B /* benchboardTests.m */; };
/* End PBXBuildFile section */

/* Begin PBXContainerItemProxy section */
		B2E7ABA01A2127110074B59B /* PBXContainerItemProxy */ = {
			isa = PBXContainerItemProxy;
			containerPortal = B2E7AB7E1A2127100074B59B /* Project object */;
			proxyType = 1;
			remoteGlobalIDString = B2E7AB851A2127100074B59B;
			remoteInfo = benchboard;
		};
/* End PBXContainerItemProxy section */

/* Begin PBXFileReference section */
		B2E7AB861A2127100074B59B /* benchboard.app */ = {isa = PBXFileReference; explicitFileType = wrapper.application; includeInIndex = 0; path = benchboard.app; sourceTree = BUILT_PRODUCTS_DIR; };
		B2E7AB8A1A2127110074B59B /* Info.plist */ = {isa = PBXFileReference; lastKnownFileType = text.plist.xml; path = Info.plist; sourceTree = "<group>"; };
		B2E7AB8B1A2127110074B59B /* main.m */ = {isa = PBXFileReference; lastKnownFileType = sourcecode.c.objc; path = main.m; sourceTree = "<group>"; };
		B2E7AB8D1A2127110074B59B /* AppDelegate.h */ = {isa = PBXFileReference; lastKnownFileType = sourcecode.c.h; path = AppDelegate.h; sourceTree = "<group>"; };
		B2E7AB8E1A2127110074B59B /* AppDelegate.m */ = {isa = PBXFileReference; lastKnownFileType = sourcecode.c.objc; path = AppDelegate.m; sourceTree = "<group>"; };
		B2E7AB901A2127110074B59B /* ViewController.h */ = {isa = PBXFileReference; lastKnownFileType = sourcecode.c.h; path = ViewController.h; sourceTree = "<group>"; };
		B2E7AB911A2127110074B59B /* ViewController.m */ = {isa = PBXFileReference; lastKnownFileType = sourcecode.c.objc; path = ViewController.m; sourceTree = "<group>"; };
		B2E7AB941A2127110074B59B /* Base */ = {isa = PBXFileReference; lastKnownFileType = file.storyboard; name = Base; path = Base.lproj/Main.storyboard; sourceTree = "<group>"; };
		B2E7AB961A2127110074B59B /* Images.xcassets */ = {isa = PBXFileReference; lastKnownFileType = folder.assetcatalog; path = Images.xcassets; sourceTree = "<group>"; };
		B2E7AB991A2127110074B59B /* Base */ = {isa = PBXFileReference; lastKnownFileType = file.xib; name = Base; path = Base.lproj/LaunchScreen.xib; sourceTree = "<group>"; };
		B2E7AB9F1A2127110074B59B /* benchboardTests.xctest */ = {isa = PBXFileReference; explicitFileType = wrapper.cfbundle; includeInIndex = 0; path = benchboardTests.xctest; sourceTree = BUILT_PRODUCTS_DIR; };
		B2E7ABA41A2127110074B59B /* Info.plist */ = {isa = PBXFileReference; lastKnownFileType = text.plist.xml; path = Info.plist; sourceTree = "<group>"; };
		B2E7ABA51A2127110074B59B /* benchboardTests.m */ = {isa = PBXFileReference; lastKnownFileType = sourcecode.c.objc; path = benchboardTests.m; sourceTree = "<group>"; };
/* End PBXFileReference section */

/* Begin PBXFrameworksBuildPhase section */
		B2E7AB831A2127100074B59B /* Frameworks */ = {
			isa = PBXFrameworksBuildPhase;
			buildActionMask = 2147483647;
			files = (
			);
			runOnlyForDeploymentPostprocessing = 0;
		};
		B2E7AB9C1A2127110074B59B /* Frameworks */ = {
			isa = PBXFrameworksBuildPhase;
			buildActionMask = 2147483647;
			files = (
			);
			runOnlyForDeploymentPostprocessing = 0;
		};
/* End PBXFrameworksBuildPhase section */

/* Begin PBXGroup section */
		B2E7AB7D1A2127100074B59B = {
			isa = PBXGroup;
			children = (
				B2E7AB881A2127100074B59B /* benchboard */,
				B2E7ABA21A2127110074B59B /* benchboardTests */,
				B2E7AB871A2127100074B59B /* Products */,
			);
			sourceTree = "<group>";
		};
		B2E7AB871A2127100074B59B /* Products */ = {
			isa = PBXGroup;
			children = (
				B2E7AB861A2127100074B59B /* benchboard.app */,
				B2E7AB9F1A2127110074B59B /* benchboardTests.xctest */,
			);
			name = Products;
			sourceTree = "<group>";
		};
		B2E7AB881A2127100074B59B /* benchboard */ = {
			isa = PBXGroup;
			children = (
				B2E7AB8D1A2127110074B59B /* AppDelegate.h */,
				B2E7AB8E1A2127110074B59B /* AppDelegate.m */,
				B2E7AB901A2127110074B59B /* ViewController.h */,
				B2E7AB911A2127110074B59B /* ViewController.m */,
				B2E7AB931A2127110074B59B /* Main.storyboard */,
				B2E7AB961A2127110074B59B /* Images.xcassets */,
				B2E7AB981A2127110074B59B /* LaunchScreen.xib */,
				B2E7AB891A2127100074B59B /* Supporting Files */,
			);
			path = benchboard;
			sourceTree = "<group>";
		};
		B2E7AB891A2127100074B59B /* Supporting Files */ = {
			isa = PBXGroup;
			children = (
				B2E7AB8A1A2127110074B59B /* Info.plist */,
				B2E7AB8B1A2127110074B59B /* main.m */,
			);
			name = "Supporting Files";
			sourceTree = "<group>";
		};
		B2E7ABA21A2127110074B59B /* benchboardTests */ = {
			isa = PBXGroup;
			children = (
				B2E7ABA51A2127110074B59B /* benchboardTests.m */,
				B2E7ABA31A2127110074B59B /* Supporting Files */,
			);
			path = benchboardTests;
			sourceTree = "<group>";
		};
		B2E7ABA31A2127110074B59B /* Supporting Files */ = {
			isa = PBXGroup;
			children = (
				B2E7ABA41A2127110074B59B /* Info.plist */,
			);
			name = "Supporting Files";
			sourceTree = "<group>";
		};
/* End PBXGroup section */

/* Begin PBXNativeTarget section */
		B2E7AB851A2127100074B59B /* benchboard */ = {
			isa = PBXNativeTarget;
			buildConfigurationList = B2E7ABA91A2127110074B59B /* Build configuration list for PBXNativeTarget "benchboard" */;
			buildPhases = (
				B2E7AB821A2127100074B59B /* Sources */,
				B2E7AB831A2127100074B59B /* Frameworks */,
				B2E7AB841A2127100074B59B /* Resources */,
			);
			buildRules = (
			);
			dependencies = (
			);
			name = benchboard;
			productName = benchboard;
			productReference = B2E7AB861A2127100074B59B /* benchboard.app */;
			productType = "com.apple.product-type.application";
		};
		B2E7AB9E1A2127110074B59B /* benchboardTests */ = {
			isa = PBXNativeTarget;
			buildConfigurationList = B2E7ABAC1A2127110074B59B /* Build configuration list for PBXNativeTarget "benchboardTests" */;
			buildPhases = (
				B2E7AB9B1A2127110074B59B /* Sources */,
				B2E7AB9C1A2127110074B59B /* Frameworks */,
				B2E7AB9D1A2127110074B59B /* Resources */,
			);
			buildRules = (
			);
			dependencies = (
				B2E7ABA11A2127110074B59B /* PBXTargetDependency */,
			);
			name = benchboardTests;
			productName = benchboardTests;
			productReference = B2E7AB9F1A2127110074B59B /* benchboardTests.xctest */;
			productType = "com.apple.product-type.bundle.unit-test";
		};
/* End PBXNativeTarget section */

/* Begin PBXProject section */
		B2E7AB7E1A2127100074B59B /* Project object */ = {
			isa = PBXProject;
			attributes = {
				LastUpgradeCheck = 0610;
				ORGANIZATIONNAME = beergrammer;
				TargetAttributes = {
					B2E7AB851A2127100074B59B = {
						CreatedOnToolsVersion = 6.1;
					};
					B2E7AB9E1A2127110074B59B = {
						CreatedOnToolsVersion = 6.1;
						TestTargetID = B2E7AB851A2127100074B59B;
					};
				};
			};
			buildConfigurationList = B2E7AB811A2127100074B59B /* Build configuration list for PBXProject "benchboard" */;
			compatibilityVersion = "Xcode 3.2";
			developmentRegion = English;
			hasScannedForEncodings = 0;
			knownRegions = (
				en,
				Base,
			);
			mainGroup = B2E7AB7D1A2127100074B59B;
			productRefGroup = B2E7AB871A2127100074B59B /* Products */;
			projectDirPath = "";
			projectRoot = "";
			targets = (
				B2E7AB851A2127100074B59B /* benchboard */,
				B2E7AB9E1A2127110074B59B /* benchboardTests */,
			);
		};
/* End PBXProject section */

/* Begin PBXResourcesBuildPhase section */
		B2E7AB841A2127100074B59B /* Resources */ = {
			isa = PBXResourcesBuildPhase;
			buildActionMask = 2147483647;
			files = (
				B2E7AB951A2127110074B59B /* Main.storyboard in Resources */,
				B2E7AB9A1A2127110074B59B /* LaunchScreen.xib in Resources */,
				B2E7AB971A2127110074B59B /* Images.xcassets in Resources */,
			);
			runOnlyForDeploymentPostprocessing = 0;
		};
		B2E7AB9D1A2127110074B59B /* Resources */ = {
			isa = PBXResourcesBuildPhase;
			buildActionMask = 2147483647;
			files = (
			);
			runOnlyForDeploymentPostprocessing = 0;
		};
/* End PBXResourcesBuildPhase section */

/* Begin PBXSourcesBuildPhase section */
		B2E7AB821A2127100074B59B /* Sources */ = {
			isa = PBXSourcesBuildPhase;
			buildActionMask = 2147483647;
			files = (
				B2E7AB921A2127110074B59B /* ViewController.m in Sources */,
				B2E7AB8F1A2127110074B59B /* AppDelegate.m in Sources */,
				B2E7AB8C1A2127110074B59B /* main.m in Sources */,
			);
			runOnlyForDeploymentPostprocessing = 0;
		};
		B2E7AB9B1A2127110074B59B /* Sources */ = {
			isa = PBXSourcesBuildPhase;
			buildActionMask = 2147483647;
			files = (
				B2E7ABA61A2127110074B59B /* benchboardTests.m in Sources */,
			);
			runOnlyForDeploymentPostprocessing = 0;
		};
/* End PBXSourcesBuildPhase section */

/* Begin PBXTargetDependency section */
		B2E7ABA11A2127110074B59B /* PBXTargetDependency */ = {
			isa = PBXTargetDependency;
			target = B2E7AB851A2127100074B59B /* benchboard */;
			targetProxy = B2E7ABA01A2127110074B59B /* PBXContainerItemProxy */;
		};
/* End PBXTargetDependency section */

/* Begin PBXVariantGroup section */
		B2E7AB931A2127110074B59B /* Main.storyboard */ = {
			isa = PBXVariantGroup;
			children = (
				B2E7AB941A2127110074B59B /* Base */,
			);
			name = Main.storyboard;
			sourceTree = "<group>";
		};
		B2E7AB981A2127110074B59B /* LaunchScreen.xib */ = {
			isa = PBXVariantGroup;
			children = (
				B2E7AB991A2127110074B59B /* Base */,
			);
			name = LaunchScreen.xib;
			sourceTree = "<group>";
		};
/* End PBXVariantGroup section */

/* Begin XCBuildConfiguration section */
		B2E7ABA71A2127110074B59B /* Debug */ = {
			isa = XCBuildConfiguration;
			buildSettings = {
				ALWAYS_SEARCH_USER_PATHS = NO;
				CLANG_CXX_LANGUAGE_STANDARD = "gnu++0x";
				CLANG_CXX_LIBRARY = "libc++";
				CLANG_ENABLE_MODULES = YES;
				CLANG_ENABLE_OBJC_ARC = YES;
				CLANG_WARN_BOOL_CONVERSION = YES;
				CLANG_WARN_CONSTANT_CONVERSION = YES;
				CLANG_WARN_DIRECT_OBJC_ISA_USAGE = YES_ERROR;
				CLANG_WARN_EMPTY_BODY = YES;
				CLANG_WARN_ENUM_CONVERSION = YES;
				CLANG_WARN_INT_CONVERSION = YES;
				CLANG_WARN_OBJC_ROOT_CLASS = YES_ERROR;
				CLANG_WARN_UNREACHABLE_CODE = YES;
				CLANG_WARN__DUPLICATE_METHOD_MATCH = YES;
				"CODE_SIGN_IDENTITY[sdk=iphoneos*]" = "iPhone Developer";
				COPY_PHASE_STRIP = NO;
				ENABLE_STRICT_OBJC_MSGSEND = YES;
				GCC_C_LANGUAGE_STANDARD = gnu99;
				GCC_DYNAMIC_NO_PIC = NO;
				GCC_OPTIMIZATION_LEVEL = 0;
				GCC_PREPROCESSOR_DEFINITIONS = (
					"DEBUG=1",
					"$(inherited)",
				);
				GCC_SYMBOLS_PRIVATE_EXTERN = NO;
				GCC_WARN_64_TO_32_BIT_CONVERSION = YES;
				GCC_WARN_ABOUT_RETURN_TYPE = YES_ERROR;
				GCC_WARN_UNDECLARED_SELECTOR = YES;
				GCC_WARN_UNINITIALIZED_AUTOS = YES_AGGRESSIVE;
				GCC_WARN_UNUSED_FUNCTION = YES;
				GCC_WARN_UNUSED_VARIABLE = YES;
				IPHONEOS_DEPLOYMENT_TARGET = 8.1;
				MTL_ENABLE_DEBUG_INFO = YES;
				ONLY_ACTIVE_ARCH = YES;
				SDKROOT = iphoneos;
				TARGETED_DEVICE_FAMILY = "1,2";
			};
			name = Debug;
		};
		B2E7ABA81A2127110074B59B /* Release */ = {
			isa = XCBuildConfiguration;
			buildSettings = {
				ALWAYS_SEARCH_USER_PATHS = NO;
				CLANG_CXX_LANGUAGE_STANDARD = "gnu++0x";
				CLANG_CXX_LIBRARY = "libc++";
				CLANG_ENABLE_MODULES = YES;
				CLANG_ENABLE_OBJC_ARC = YES;
				CLANG_WARN_BOOL_CONVERSION = YES;
				CLANG_WARN_CONSTANT_CONVERSION = YES;
				CLANG_WARN_DIRECT_OBJC_ISA_USAGE = YES_ERROR;
				CLANG_WARN_EMPTY_BODY = YES;
				CLANG_WARN_ENUM_CONVERSION = YES;
				CLANG_WARN_INT_CONVERSION = YES;
				CLANG_WARN_OBJC_ROOT_CLASS = YES_ERROR;
				CLANG_WARN_UNREACHABLE_CODE = YES;
				CLANG_WARN__DUPLICATE_METHOD_MATCH = YES;
				"CODE_SIGN_IDENTITY[sdk=iphoneos*]" = "iPhone Developer";
				COPY_PHASE_STRIP = YES;
				ENABLE_NS_ASSERTIONS = NO;
				ENABLE_STRICT_OBJC_MSGSEND = YES;
				GCC_C_LANGUAGE_STANDARD = gnu99;
				GCC_WARN_64_TO_32_BIT_CONVERSION = YES;
				GCC_WARN_ABOUT_RETURN_TYPE = YES_ERROR;
				GCC_WARN_UNDECLARED_SELECTOR = YES;
				GCC_WARN_UNINITIALIZED_AUTOS = YES_AGGRESSIVE;
				GCC_WARN_UNUSED_FUNCTION = YES;
				GCC_WARN_UNUSED_VARIABLE = YES;
				IPHONEOS_DEPLOYMENT_TARGET = 8.1;
				MTL_ENABLE_DEBUG_INFO = NO;
				SDKROOT = iphoneos;
				TARGETED_DEVICE_FAMILY = "1,2";
				VALIDATE_PRODUCT = YES;
			};
			name = Release;
		};
		B2E7ABAA1A2127110074B59B /* Debug */ = {
			isa = XCBuildConfiguration;
			buildSettings = {
				ASSETCATALOG_COMPILER_APPICON_NAME = AppIcon;
				INFOPLIST_FILE = benchboard/Info.plist;
				LD_RUNPATH_SEARCH_PATHS = "$(inherited) @executable_path/Frameworks";
				PRODUCT_NAME = "$(TARGET_NAME)";
			};
			name = Debug;
		};
		B2E7ABAB1A2127110074B59B /* Release */ = {
			isa = XCBuildConfiguration;
			buildSettings = {
				ASSETCATALOG_COMPILER_APPICON_NAME = AppIcon;
				INFOPLIST_FILE = benchboard/Info.plist;
				LD_RUNPATH_SEARCH_PATHS = "$(inherited) @executable_path/Frameworks";
				PRODUCT_NAME = "$(TARGET_NAME)";
			};
			name = Release;
		};
		B2E7ABAD1A2127110074B59B /* Debug */ = {
			isa = XCBuildConfiguration;
			buildSettings = {
				BUNDLE_LOADER = "$(TEST_HOST)";
				FRAMEWORK_SEARCH_PATHS = (
					"$(SDKROOT)/Developer/Library/Frameworks",
					"$(inherited)",
				);
				GCC_PREPROCESSOR_DEFINITIONS = (
					"DEBUG=1",
					"$(inherited)",
				);
				INFOPLIST_FILE = benchboardTests/Info.plist;
				LD_RUNPATH_SEARCH_PATHS = "$(inherited) @executable_path/Frameworks @loader_path/Frameworks";
				PRODUCT_NAME = "$(TARGET_NAME)";
				TEST_HOST = "$(BUILT_PRODUCTS_DIR)/benchboard.app/benchboard";
			};
			name = Debug;
		};
		B2E7ABAE1A2127110074B59B /* Release */ = {
			isa = XCBuildConfiguration;
			buildSettings = {
				BUNDLE_LOADER = "$(TEST_HOST)";
				FRAMEWORK_SEARCH_PATHS = (
					"$(SDKROOT)/Developer/Library/Frameworks",
					"$(inherited)",
				);
				INFOPLIST_FILE = benchboardTests/Info.plist;
				LD_RUNPATH_SEARCH_PATHS = "$(inherited) @executable_path/Frameworks @loader_path/Frameworks";
				PRODUCT_NAME = "$(TARGET_NAME)";
				TEST_HOST = "$(BUILT_PRODUCTS_DIR)/benchboard.app/benchboard";
			};
			name = Release;
		};
/* End XCBuildConfiguration section */

/* Begin XCConfigurationList section */
		B2E7AB811A2127100074B59B /* Build configuration list for PBXProject "benchboard" */ = {
			isa = XCConfigurationList;
			buildConfigurations = (
				B2E7ABA71A2127110074B59B /* Debug */,
				B2E7ABA81A2127110074B59B /* Release */,
			);
			defaultConfigurationIsVisible = 0;
			defaultConfigurationName = Release;
		};
		B2E7ABA91A2127110074B59B /* Build configuration list for PBXNativeTarget "benchboard" */ = {
			isa = XCConfigurationList;
			buildConfigurations = (
				B2E7ABAA1A2127110074B59B /* Debug */,
				B2E7ABAB1A2127110074B59B /* Release */,
			);
			defaultConfigurationIsVisible = 0;
		};
		B2E7ABAC1A2127110074B59B /* Build configuration list for PBXNativeTarget "benchboardTests" */ = {
			isa = XCConfigurationList;
			buildConfigurations = (
				B2E7ABAD1A2127110074B59B /* Debug */,
				B2E7ABAE1A2127110074B59B /* Release */,
			);
			defaultConfigurationIsVisible = 0;
		};
/* End XCConfigurationList section */
	};
	rootObject = B2E7AB7E1A2127100074B59B /* Project object */;
}
